// !$*UTF8*$!
{
	archiveVersion = 1;
	classes = {
	};
	objectVersion = 46;
	objects = {

/* Begin PBXBuildFile section */
		C78C3D4E1DB7FDAE0019F97D /* AppDelegate.swift in Sources */ = {isa = PBXBuildFile; fileRef = C78C3D4D1DB7FDAE0019F97D /* AppDelegate.swift */; };
		C78C3D501DB7FDAE0019F97D /* ViewController.swift in Sources */ = {isa = PBXBuildFile; fileRef = C78C3D4F1DB7FDAE0019F97D /* ViewController.swift */; };
		C78C3D531DB7FDAE0019F97D /* Main.storyboard in Resources */ = {isa = PBXBuildFile; fileRef = C78C3D511DB7FDAE0019F97D /* Main.storyboard */; };
		C78C3D551DB7FDAE0019F97D /* Assets.xcassets in Resources */ = {isa = PBXBuildFile; fileRef = C78C3D541DB7FDAE0019F97D /* Assets.xcassets */; };
		C78C3D581DB7FDAE0019F97D /* LaunchScreen.storyboard in Resources */ = {isa = PBXBuildFile; fileRef = C78C3D561DB7FDAE0019F97D /* LaunchScreen.storyboard */; };
/* End PBXBuildFile section */

/* Begin PBXFileReference section */
		C78C3D4A1DB7FDAE0019F97D /* FacebookTestApplication.app */ = {isa = PBXFileReference; explicitFileType = wrapper.application; includeInIndex = 0; path = FacebookTestApplication.app; sourceTree = BUILT_PRODUCTS_DIR; };
		C78C3D4D1DB7FDAE0019F97D /* AppDelegate.swift */ = {isa = PBXFileReference; lastKnownFileType = sourcecode.swift; path = AppDelegate.swift; sourceTree = "<group>"; };
		C78C3D4F1DB7FDAE0019F97D /* ViewController.swift */ = {isa = PBXFileReference; lastKnownFileType = sourcecode.swift; path = ViewController.swift; sourceTree = "<group>"; };
		C78C3D521DB7FDAE0019F97D /* Base */ = {isa = PBXFileReference; lastKnownFileType = file.storyboard; name = Base; path = Base.lproj/Main.storyboard; sourceTree = "<group>"; };
		C78C3D541DB7FDAE0019F97D /* Assets.xcassets */ = {isa = PBXFileReference; lastKnownFileType = folder.assetcatalog; path = Assets.xcassets; sourceTree = "<group>"; };
		C78C3D571DB7FDAE0019F97D /* Base */ = {isa = PBXFileReference; lastKnownFileType = file.storyboard; name = Base; path = Base.lproj/LaunchScreen.storyboard; sourceTree = "<group>"; };
		C78C3D591DB7FDAE0019F97D /* Info.plist */ = {isa = PBXFileReference; lastKnownFileType = text.plist.xml; path = Info.plist; sourceTree = "<group>"; };
/* End PBXFileReference section */

/* Begin PBXFrameworksBuildPhase section */
		C78C3D471DB7FDAE0019F97D /* Frameworks */ = {
			isa = PBXFrameworksBuildPhase;
			buildActionMask = 2147483647;
			files = (
			);
			runOnlyForDeploymentPostprocessing = 0;
		};
/* End PBXFrameworksBuildPhase section */

/* Begin PBXGroup section */
		C78C3D411DB7FDAE0019F97D = {
			isa = PBXGroup;
			children = (
				C78C3D4C1DB7FDAE0019F97D /* FacebookTestApplication */,
				C78C3D4B1DB7FDAE0019F97D /* Products */,
			);
			sourceTree = "<group>";
		};
		C78C3D4B1DB7FDAE0019F97D /* Products */ = {
			isa = PBXGroup;
			children = (
				C78C3D4A1DB7FDAE0019F97D /* FacebookTestApplication.app */,
			);
			name = Products;
			sourceTree = "<group>";
		};
		C78C3D4C1DB7FDAE0019F97D /* FacebookTestApplication */ = {
			isa = PBXGroup;
			children = (
				C78C3D4D1DB7FDAE0019F97D /* AppDelegate.swift */,
				C78C3D4F1DB7FDAE0019F97D /* ViewController.swift */,
				C78C3D511DB7FDAE0019F97D /* Main.storyboard */,
				C78C3D541DB7FDAE0019F97D /* Assets.xcassets */,
				C78C3D561DB7FDAE0019F97D /* LaunchScreen.storyboard */,
				C78C3D591DB7FDAE0019F97D /* Info.plist */,
			);
			path = FacebookTestApplication;
			sourceTree = "<group>";
		};
/* End PBXGroup section */

/* Begin PBXNativeTarget section */
		C78C3D491DB7FDAE0019F97D /* FacebookTestApplication */ = {
			isa = PBXNativeTarget;
			buildConfigurationList = C78C3D5C1DB7FDAE0019F97D /* Build configuration list for PBXNativeTarget "FacebookTestApplication" */;
			buildPhases = (
				C78C3D461DB7FDAE0019F97D /* Sources */,
				C78C3D471DB7FDAE0019F97D /* Frameworks */,
				C78C3D481DB7FDAE0019F97D /* Resources */,
			);
			buildRules = (
			);
			dependencies = (
			);
			name = FacebookTestApplication;
			productName = FacebookTestApplication;
			productReference = C78C3D4A1DB7FDAE0019F97D /* FacebookTestApplication.app */;
			productType = "com.apple.product-type.application";
		};
/* End PBXNativeTarget section */

/* Begin PBXProject section */
		C78C3D421DB7FDAE0019F97D /* Project object */ = {
			isa = PBXProject;
			attributes = {
				LastSwiftUpdateCheck = 0800;
				LastUpgradeCheck = 0800;
				ORGANIZATIONNAME = VerdadTech;
				TargetAttributes = {
					C78C3D491DB7FDAE0019F97D = {
						CreatedOnToolsVersion = 8.0;
						DevelopmentTeam = RDB89NBMK7;
						ProvisioningStyle = Automatic;
					};
				};
			};
			buildConfigurationList = C78C3D451DB7FDAE0019F97D /* Build configuration list for PBXProject "FacebookTestApplication" */;
			compatibilityVersion = "Xcode 3.2";
			developmentRegion = English;
			hasScannedForEncodings = 0;
			knownRegions = (
				en,
				Base,
			);
			mainGroup = C78C3D411DB7FDAE0019F97D;
			productRefGroup = C78C3D4B1DB7FDAE0019F97D /* Products */;
			projectDirPath = "";
			projectRoot = "";
			targets = (
				C78C3D491DB7FDAE0019F97D /* FacebookTestApplication */,
			);
		};
/* End PBXProject section */

/* Begin PBXResourcesBuildPhase section */
		C78C3D481DB7FDAE0019F97D /* Resources */ = {
			isa = PBXResourcesBuildPhase;
			buildActionMask = 2147483647;
			files = (
				C78C3D581DB7FDAE0019F97D /* LaunchScreen.storyboard in Resources */,
				C78C3D551DB7FDAE0019F97D /* Assets.xcassets in Resources */,
				C78C3D531DB7FDAE0019F97D /* Main.storyboard in Resources */,
			);
			runOnlyForDeploymentPostprocessing = 0;
		};
/* End PBXResourcesBuildPhase section */

/* Begin PBXSourcesBuildPhase section */
		C78C3D461DB7FDAE0019F97D /* Sources */ = {
			isa = PBXSourcesBuildPhase;
			buildActionMask = 2147483647;
			files = (
				C78C3D501DB7FDAE0019F97D /* ViewController.swift in Sources */,
				C78C3D4E1DB7FDAE0019F97D /* AppDelegate.swift in Sources */,
			);
			runOnlyForDeploymentPostprocessing = 0;
		};
/* End PBXSourcesBuildPhase section */

/* Begin PBXVariantGroup section */
		C78C3D511DB7FDAE0019F97D /* Main.storyboard */ = {
			isa = PBXVariantGroup;
			children = (
				C78C3D521DB7FDAE0019F97D /* Base */,
			);
			name = Main.storyboard;
			sourceTree = "<group>";
		};
		C78C3D561DB7FDAE0019F97D /* LaunchScreen.storyboard */ = {
			isa = PBXVariantGroup;
			children = (
				C78C3D571DB7FDAE0019F97D /* Base */,
			);
			name = LaunchScreen.storyboard;
			sourceTree = "<group>";
		};
/* End PBXVariantGroup section */

/* Begin XCBuildConfiguration section */
		C78C3D5A1DB7FDAE0019F97D /* Debug */ = {
			isa = XCBuildConfiguration;
			buildSettings = {
				ALWAYS_SEARCH_USER_PATHS = NO;
				CLANG_ANALYZER_NONNULL = YES;
				CLANG_CXX_LANGUAGE_STANDARD = "gnu++0x";
				CLANG_CXX_LIBRARY = "libc++";
				CLANG_ENABLE_MODULES = YES;
				CLANG_ENABLE_OBJC_ARC = YES;
				CLANG_WARN_BOOL_CONVERSION = YES;
				CLANG_WARN_CONSTANT_CONVERSION = YES;
				CLANG_WARN_DIRECT_OBJC_ISA_USAGE = YES_ERROR;
				CLANG_WARN_DOCUMENTATION_COMMENTS = YES;
				CLANG_WARN_EMPTY_BODY = YES;
				CLANG_WARN_ENUM_CONVERSION = YES;
				CLANG_WARN_INFINITE_RECURSION = YES;
				CLANG_WARN_INT_CONVERSION = YES;
				CLANG_WARN_OBJC_ROOT_CLASS = YES_ERROR;
				CLANG_WARN_SUSPICIOUS_MOVES = YES;
				CLANG_WARN_UNREACHABLE_CODE = YES;
				CLANG_WARN__DUPLICATE_METHOD_MATCH = YES;
				"CODE_SIGN_IDENTITY[sdk=iphoneos*]" = "iPhone Developer";
				COPY_PHASE_STRIP = NO;
				DEBUG_INFORMATION_FORMAT = dwarf;
				ENABLE_STRICT_OBJC_MSGSEND = YES;
				ENABLE_TESTABILITY = YES;
				GCC_C_LANGUAGE_STANDARD = gnu99;
				GCC_DYNAMIC_NO_PIC = NO;
				GCC_NO_COMMON_BLOCKS = YES;
				GCC_OPTIMIZATION_LEVEL = 0;
				GCC_PREPROCESSOR_DEFINITIONS = (
					"DEBUG=1",
					"$(inherited)",
				);
				GCC_WARN_64_TO_32_BIT_CONVERSION = YES;
				GCC_WARN_ABOUT_RETURN_TYPE = YES_ERROR;
				GCC_WARN_UNDECLARED_SELECTOR = YES;
				GCC_WARN_UNINITIALIZED_AUTOS = YES_AGGRESSIVE;
				GCC_WARN_UNUSED_FUNCTION = YES;
				GCC_WARN_UNUSED_VARIABLE = YES;
				IPHONEOS_DEPLOYMENT_TARGET = 10.0;
				MTL_ENABLE_DEBUG_INFO = YES;
				ONLY_ACTIVE_ARCH = YES;
				SDKROOT = iphoneos;
				SWIFT_ACTIVE_COMPILATION_CONDITIONS = DEBUG;
				SWIFT_OPTIMIZATION_LEVEL = "-Onone";
			};
			name = Debug;
		};
		C78C3D5B1DB7FDAE0019F97D /* Release */ = {
			isa = XCBuildConfiguration;
			buildSettings = {
				ALWAYS_SEARCH_USER_PATHS = NO;
				CLANG_ANALYZER_NONNULL = YES;
				CLANG_CXX_LANGUAGE_STANDARD = "gnu++0x";
				CLANG_CXX_LIBRARY = "libc++";
				CLANG_ENABLE_MODULES = YES;
				CLANG_ENABLE_OBJC_ARC = YES;
				CLANG_WARN_BOOL_CONVERSION = YES;
				CLANG_WARN_CONSTANT_CONVERSION = YES;
				CLANG_WARN_DIRECT_OBJC_ISA_USAGE = YES_ERROR;
				CLANG_WARN_DOCUMENTATION_COMMENTS = YES;
				CLANG_WARN_EMPTY_BODY = YES;
				CLANG_WARN_ENUM_CONVERSION = YES;
				CLANG_WARN_INFINITE_RECURSION = YES;
				CLANG_WARN_INT_CONVERSION = YES;
				CLANG_WARN_OBJC_ROOT_CLASS = YES_ERROR;
				CLANG_WARN_SUSPICIOUS_MOVES = YES;
				CLANG_WARN_UNREACHABLE_CODE = YES;
				CLANG_WARN__DUPLICATE_METHOD_MATCH = YES;
				"CODE_SIGN_IDENTITY[sdk=iphoneos*]" = "iPhone Developer";
				COPY_PHASE_STRIP = NO;
				DEBUG_INFORMATION_FORMAT = "dwarf-with-dsym";
				ENABLE_NS_ASSERTIONS = NO;
				ENABLE_STRICT_OBJC_MSGSEND = YES;
				GCC_C_LANGUAGE_STANDARD = gnu99;
				GCC_NO_COMMON_BLOCKS = YES;
				GCC_WARN_64_TO_32_BIT_CONVERSION = YES;
				GCC_WARN_ABOUT_RETURN_TYPE = YES_ERROR;
				GCC_WARN_UNDECLARED_SELECTOR = YES;
				GCC_WARN_UNINITIALIZED_AUTOS = YES_AGGRESSIVE;
				GCC_WARN_UNUSED_FUNCTION = YES;
				GCC_WARN_UNUSED_VARIABLE = YES;
				IPHONEOS_DEPLOYMENT_TARGET = 10.0;
				MTL_ENABLE_DEBUG_INFO = NO;
				SDKROOT = iphoneos;
				SWIFT_OPTIMIZATION_LEVEL = "-Owholemodule";
				VALIDATE_PRODUCT = YES;
			};
			name = Release;
		};
		C78C3D5D1DB7FDAE0019F97D /* Debug */ = {
			isa = XCBuildConfiguration;
			buildSettings = {
				ASSETCATALOG_COMPILER_APPICON_NAME = AppIcon;
				DEVELOPMENT_TEAM = RDB89NBMK7;
				INFOPLIST_FILE = FacebookTestApplication/Info.plist;
				LD_RUNPATH_SEARCH_PATHS = "$(inherited) @executable_path/Frameworks";
				PRODUCT_BUNDLE_IDENTIFIER = org.verdadtech.FacebookTestApplication;
				PRODUCT_NAME = "$(TARGET_NAME)";
				SWIFT_VERSION = 3.0;
			};
			name = Debug;
		};
		C78C3D5E1DB7FDAE0019F97D /* Release */ = {
			isa = XCBuildConfiguration;
			buildSettings = {
				ASSETCATALOG_COMPILER_APPICON_NAME = AppIcon;
				DEVELOPMENT_TEAM = RDB89NBMK7;
				INFOPLIST_FILE = FacebookTestApplication/Info.plist;
				LD_RUNPATH_SEARCH_PATHS = "$(inherited) @executable_path/Frameworks";
				PRODUCT_BUNDLE_IDENTIFIER = org.verdadtech.FacebookTestApplication;
				PRODUCT_NAME = "$(TARGET_NAME)";
				SWIFT_VERSION = 3.0;
			};
			name = Release;
		};
/* End XCBuildConfiguration section */

/* Begin XCConfigurationList section */
		C78C3D451DB7FDAE0019F97D /* Build configuration list for PBXProject "FacebookTestApplication" */ = {
			isa = XCConfigurationList;
			buildConfigurations = (
				C78C3D5A1DB7FDAE0019F97D /* Debug */,
				C78C3D5B1DB7FDAE0019F97D /* Release */,
			);
			defaultConfigurationIsVisible = 0;
			defaultConfigurationName = Release;
		};
		C78C3D5C1DB7FDAE0019F97D /* Build configuration list for PBXNativeTarget "FacebookTestApplication" */ = {
			isa = XCConfigurationList;
			buildConfigurations = (
				C78C3D5D1DB7FDAE0019F97D /* Debug */,
				C78C3D5E1DB7FDAE0019F97D /* Release */,
			);
			defaultConfigurationIsVisible = 0;
		};
/* End XCConfigurationList section */
	};
	rootObject = C78C3D421DB7FDAE0019F97D /* Project object */;
}
